{
  "pins" : [
    {
      "identity" : "toastview",
      "kind" : "remoteSourceControl",
      "location" : "https://github.com/paoloandrea/ToastView.git",
      "state" : {
        "revision" : "134d0a1cbc70497c178f7164275ad3c97bc2f065",
        "version" : "1.1.0"
      }
    }
  ],
  "version" : 2
}
